
Microsoft Visual Studio Solution File, Format Version 12.00
# Visual Studio Version 16
VisualStudioVersion = 16.0.30011.22
MinimumVisualStudioVersion = 10.0.40219.1
Project("{FAE04EC0-301F-11D3-BF4B-00C04F79EFBC}") = "DieCalculator", "DieCalculator.csproj", "{38BE50F5-8ECE-43B7-B49C-4DE89F41F0A8}"
EndProject
Global
	GlobalSection(SolutionConfigurationPlatforms) = preSolution
		Debug|Any CPU = Debug|Any CPU
		Release|Any CPU = Release|Any CPU
	EndGlobalSection
	GlobalSection(ProjectConfigurationPlatforms) = postSolution
		{38BE50F5-8ECE-43B7-B49C-4DE89F41F0A8}.Debug|Any CPU.ActiveCfg = Debug|Any CPU
		{38BE50F5-8ECE-43B7-B49C-4DE89F41F0A8}.Debug|Any CPU.Build.0 = Debug|Any CPU
		{38BE50F5-8ECE-43B7-B49C-4DE89F41F0A8}.Release|Any CPU.ActiveCfg = Release|Any CPU
		{38BE50F5-8ECE-43B7-B49C-4DE89F41F0A8}.Release|Any CPU.Build.0 = Release|Any CPU
	EndGlobalSection
	GlobalSection(SolutionProperties) = preSolution
		HideSolutionNode = FALSE
	EndGlobalSection
	GlobalSection(ExtensibilityGlobals) = postSolution
		SolutionGuid = {9B7E4CD2-A7F5-46E7-9C8A-262CE4AC84B9}
	EndGlobalSection
EndGlobal
